
Microsoft Visual Studio Solution File, Format Version 12.00
# Visual Studio 15
VisualStudioVersion = 15.0.28306.52
MinimumVisualStudioVersion = 10.0.40219.1
Project("{FAE04EC0-301F-11D3-BF4B-00C04F79EFBC}") = "Crawl", "Crawl\Crawl.csproj", "{84556174-C020-4410-A947-5C9F930B4026}"
EndProject
Global
	GlobalSection(SolutionConfigurationPlatforms) = preSolution
		Debug|Any CPU = Debug|Any CPU
		Release|Any CPU = Release|Any CPU
	EndGlobalSection
	GlobalSection(ProjectConfigurationPlatforms) = postSolution
		{84556174-C020-4410-A947-5C9F930B4026}.Debug|Any CPU.ActiveCfg = Debug|Any CPU
		{84556174-C020-4410-A947-5C9F930B4026}.Debug|Any CPU.Build.0 = Debug|Any CPU
		{84556174-C020-4410-A947-5C9F930B4026}.Release|Any CPU.ActiveCfg = Release|Any CPU
		{84556174-C020-4410-A947-5C9F930B4026}.Release|Any CPU.Build.0 = Release|Any CPU
	EndGlobalSection
	GlobalSection(SolutionProperties) = preSolution
		HideSolutionNode = FALSE
	EndGlobalSection
	GlobalSection(ExtensibilityGlobals) = postSolution
		SolutionGuid = {A6F75C0A-6F57-4049-A634-728D445CD9F3}
	EndGlobalSection
EndGlobal
